
Microsoft Visual Studio Solution File, Format Version 12.00
# Visual Studio 2012
Project("{FAE04EC0-301F-11D3-BF4B-00C04F79EFBC}") = "ThemedViewEngine", "ThemedRazorViewEngine\ThemedViewEngine.csproj", "{1881D8EC-C683-4328-815C-6FF9CD90B229}"
EndProject
Global
	GlobalSection(SolutionConfigurationPlatforms) = preSolution
		Debug|Any CPU = Debug|Any CPU
		Release|Any CPU = Release|Any CPU
	EndGlobalSection
	GlobalSection(ProjectConfigurationPlatforms) = postSolution
		{1881D8EC-C683-4328-815C-6FF9CD90B229}.Debug|Any CPU.ActiveCfg = Debug|Any CPU
		{1881D8EC-C683-4328-815C-6FF9CD90B229}.Debug|Any CPU.Build.0 = Debug|Any CPU
		{1881D8EC-C683-4328-815C-6FF9CD90B229}.Release|Any CPU.ActiveCfg = Release|Any CPU
		{1881D8EC-C683-4328-815C-6FF9CD90B229}.Release|Any CPU.Build.0 = Release|Any CPU
	EndGlobalSection
	GlobalSection(SolutionProperties) = preSolution
		HideSolutionNode = FALSE
	EndGlobalSection
EndGlobal
